<?xml version="1.0" encoding="utf-8"?>
<Project ToolsVersion="4.0" xmlns="http://schemas.microsoft.com/developer/msbuild/2003">
  <ItemGroup>
    <ClCompile Include="..\..\test\run_tests.cpp">
      <Filter>test</Filter>
    </ClCompile>
    <ClCompile Include="..\..\lib\test_helpers\pch.cpp">
      <Filter>lib\test_helpers</Filter>
    </ClCompile>
    <ClCompile Include="..\..\test\discovery\io_fixture.cpp">
      <Filter>test\discovery</Filter>
    </ClCompile>
    <ClCompile Include="..\..\test\test_apps.cpp">
      <Filter>test</Filter>
    </ClCompile>
  </ItemGroup>
  <ItemGroup>
    <Filter Include="lib">
      <UniqueIdentifier>{6a9cfe7b-7ac1-46ac-86d8-8ab84147eb01}</UniqueIdentifier>
    </Filter>
    <Filter Include="test">
      <UniqueIdentifier>{d57c8941-4298-46b0-b78b-550176aecb83}</UniqueIdentifier>
    </Filter>
    <Filter Include="lib\test_helpers">
      <UniqueIdentifier>{29c95fbb-1b69-4899-84ba-a0ac436c4eef}</UniqueIdentifier>
    </Filter>
    <Filter Include="test\discovery">
      <UniqueIdentifier>{83178443-b242-4ebd-bcc7-dc8ac37007d1}</UniqueIdentifier>
    </Filter>
  </ItemGroup>
  <ItemGroup>
    <ClInclude Include="..\..\lib\test_helpers\pch.h">
      <Filter>lib\test_helpers</Filter>
    </ClInclude>
    <ClInclude Include="..\..\test\discovery\io_fixture.h">
      <Filter>test\discovery</Filter>
    </ClInclude>
  </ItemGroup>
  <ItemGroup>
    <None Include="packages.config" />
  </ItemGroup>
</Project>